{
  "name": "demo",
  "version": "0.0.1",
  "lockfileVersion": 2,
  "requires": true,
  "packages": {
    "": {
      "name": "demo",
      "version": "0.0.1",
      "devDependencies": {
        "@sveltejs/kit": "1.0.0-next.311",
        "svelte": "^3.47.0"
      }
    },
    "node_modules/@rollup/pluginutils": {
      "version": "4.2.0",
      "resolved": "https://registry.npmjs.org/@rollup/pluginutils/-/pluginutils-4.2.0.tgz",
      "integrity": "sha512-2WUyJNRkyH5p487pGnn4tWAsxhEFKN/pT8CMgHshd5H+IXkOnKvKZwsz5ZWz+YCXkleZRAU5kwbfgF8CPfDRqA==",
      "dev": true,
      "dependencies": {
        "estree-walker": "^2.0.1",
        "picomatch": "^2.2.2"
      },
      "engines": {
        "node": ">= 8.0.0"
      }
    },
    "node_modules/@sveltejs/kit": {
      "version": "1.0.0-next.311",
      "resolved": "https://registry.npmjs.org/@sveltejs/kit/-/kit-1.0.0-next.311.tgz",
      "integrity": "sha512-OkRIi0XBXcs16J+H+6fgOeFYxKu05gamY08KHAQ5cohjymUODGWIwaIfwAuNkZAcEEr8Vh2ejp4UcaxNzD53lQ==",
      "dev": true,
      "dependencies": {
        "@sveltejs/vite-plugin-svelte": "^1.0.0-next.32",
        "sade": "^1.7.4",
        "vite": "^2.9.0"
      },
      "bin": {
        "svelte-kit": "svelte-kit.js"
      },
      "engines": {
        "node": ">=14.13"
      },
      "peerDependencies": {
        "svelte": "^3.44.0"
      }
    },
    "node_modules/@sveltejs/vite-plugin-svelte": {
      "version": "1.0.0-next.41",
      "resolved": "https://registry.npmjs.org/@sveltejs/vite-plugin-svelte/-/vite-plugin-svelte-1.0.0-next.41.tgz",
      "integrity": "sha512-2kZ49mpi/YW1PIPvKaJNSSwIFgmw9QUf1+yaNa4U8yJD6AsfSHXAU3goscWbi1jfWnSg2PhvwAf+bvLCdp2F9g==",
      "dev": true,
      "dependencies": {
        "@rollup/pluginutils": "^4.2.0",
        "debug": "^4.3.4",
        "kleur": "^4.1.4",
        "magic-string": "^0.26.1",
        "svelte-hmr": "^0.14.11"
      },
      "engines": {
        "node": "^14.13.1 || >= 16"
      },
      "peerDependencies": {
        "diff-match-patch": "^1.0.5",
        "svelte": "^3.44.0",
        "vite": "^2.9.0"
      },
      "peerDependenciesMeta": {
        "diff-match-patch": {
          "optional": true
        }
      }
    },
    "node_modules/debug": {
      "version": "4.3.4",
      "resolved": "https://registry.npmjs.org/debug/-/debug-4.3.4.tgz",
      "integrity": "sha512-PRWFHuSU3eDtQJPvnNY7Jcket1j0t5OuOsFzPPzsekD52Zl8qUfFIPEiswXqIvHWGVHOgX+7G/vCNNhehwxfkQ==",
      "dev": true,
      "dependencies": {
        "ms": "2.1.2"
      },
      "engines": {
        "node": ">=6.0"
      },
      "peerDependenciesMeta": {
        "supports-color": {
          "optional": true
        }
      }
    },
    "node_modules/esbuild": {
      "version": "0.14.35",
      "resolved": "https://registry.npmjs.org/esbuild/-/esbuild-0.14.35.tgz",
      "integrity": "sha512-0aeHPwXVVUUo9qOWnu/zILmTexFYE+RJ3o4owjbEUIJuBhLUgL4wBuS94++4+t7sykSABsNyyMZEAZ2r+1qZ4A==",
      "dev": true,
      "hasInstallScript": true,
      "bin": {
        "esbuild": "bin/esbuild"
      },
      "engines": {
        "node": ">=12"
      },
      "optionalDependencies": {
        "esbuild-android-64": "0.14.35",
        "esbuild-android-arm64": "0.14.35",
        "esbuild-darwin-64": "0.14.35",
        "esbuild-darwin-arm64": "0.14.35",
        "esbuild-freebsd-64": "0.14.35",
        "esbuild-freebsd-arm64": "0.14.35",
        "esbuild-linux-32": "0.14.35",
        "esbuild-linux-64": "0.14.35",
        "esbuild-linux-arm": "0.14.35",
        "esbuild-linux-arm64": "0.14.35",
        "esbuild-linux-mips64le": "0.14.35",
        "esbuild-linux-ppc64le": "0.14.35",
        "esbuild-linux-riscv64": "0.14.35",
        "esbuild-linux-s390x": "0.14.35",
        "esbuild-netbsd-64": "0.14.35",
        "esbuild-openbsd-64": "0.14.35",
        "esbuild-sunos-64": "0.14.35",
        "esbuild-windows-32": "0.14.35",
        "esbuild-windows-64": "0.14.35",
        "esbuild-windows-arm64": "0.14.35"
      }
    },
    "node_modules/esbuild-android-64": {
      "version": "0.14.35",
      "resolved": "https://registry.npmjs.org/esbuild-android-64/-/esbuild-android-64-0.14.35.tgz",
      "integrity": "sha512-R11Eu5NDc5YpbmpXSczxnwrqIsaslE08I+gf/QUVxiuPid5DLQHRWKnkPiSXUgQGPZVjn4aASsAdq8L4uhcyXQ==",
      "cpu": [
        "x64"
      ],
      "dev": true,
      "optional": true,
      "os": [
        "android"
      ],
      "engines": {
        "node": ">=12"
      }
    },
    "node_modules/esbuild-android-arm64": {
      "version": "0.14.35",
      "resolved": "https://registry.npmjs.org/esbuild-android-arm64/-/esbuild-android-arm64-0.14.35.tgz",
      "integrity": "sha512-fOjTdzEvZer2+5xNWP2bUmpWccuHQBm/aPoTqoiLiS3VErvxOpbY2808UUEHHxRJucRxMUxHi+apKUpdj8NBjA==",
      "cpu": [
        "arm64"
      ],
      "dev": true,
      "optional": true,
      "os": [
        "android"
      ],
      "engines": {
        "node": ">=12"
      }
    },
    "node_modules/esbuild-darwin-64": {
      "version": "0.14.35",
      "resolved": "https://registry.npmjs.org/esbuild-darwin-64/-/esbuild-darwin-64-0.14.35.tgz",
      "integrity": "sha512-cN7ejc3Q0+5hFYXSLKd7GfnrY3hEjx/QxYUiU5f8KEJpH1CJsQEl69ALS5WYYrPrlgKHGKusRVKOkK1x20fe6g==",
      "cpu": [
        "x64"
      ],
      "dev": true,
      "optional": true,
      "os": [
        "darwin"
      ],
      "engines": {
        "node": ">=12"
      }
    },
    "node_modules/esbuild-darwin-arm64": {
      "version": "0.14.35",
      "resolved": "https://registry.npmjs.org/esbuild-darwin-arm64/-/esbuild-darwin-arm64-0.14.35.tgz",
      "integrity": "sha512-x4AK8UY14p2AYQNXQ5hd0HNnmcmBjd6bpFkmPmtrm8Khh/HT96JfVa06bYFute25aUOTHgWv5kU/k+JrqDTO2A==",
      "cpu": [
        "arm64"
      ],
      "dev": true,
      "optional": true,
      "os": [
        "darwin"
      ],
      "engines": {
        "node": ">=12"
      }
    },
    "node_modules/esbuild-freebsd-64": {
      "version": "0.14.35",
      "resolved": "https://registry.npmjs.org/esbuild-freebsd-64/-/esbuild-freebsd-64-0.14.35.tgz",
      "integrity": "sha512-S83TQ+LgeQt9n9sc7LVELBlpRzaSWGaMvPHtE/91AxEKBuqx47RhuII60LVUzwfOMXHbgroOuSMqA1D2C+vuxQ==",
      "cpu": [
        "x64"
      ],
      "dev": true,
      "optional": true,
      "os": [
        "freebsd"
      ],
      "engines": {
        "node": ">=12"
      }
    },
    "node_modules/esbuild-freebsd-arm64": {
      "version": "0.14.35",
      "resolved": "https://registry.npmjs.org/esbuild-freebsd-arm64/-/esbuild-freebsd-arm64-0.14.35.tgz",
      "integrity": "sha512-D7NDa9ZquQkgz6nwH/HJ1E9wvcb4EEWw7L+uY7jGG4N7Z2Y/wWxQ5dH207gp0TsRCXuE9cYN5HfnHwgav7zAdw==",
      "cpu": [
        "arm64"
      ],
      "dev": true,
      "optional": true,
      "os": [
        "freebsd"
      ],
      "engines": {
        "node": ">=12"
      }
    },
    "node_modules/esbuild-linux-32": {
      "version": "0.14.35",
      "resolved": "https://registry.npmjs.org/esbuild-linux-32/-/esbuild-linux-32-0.14.35.tgz",
      "integrity": "sha512-0/bt6wQzZmBYv+NY9r7OHxPzs5H4ktz0UK/x7iUs5pAEnj+NkdR/uCzhYVFgNRIO/b22O5P0Vs9LIcj0Z5Uc9A==",
      "cpu": [
        "ia32"
      ],
      "dev": true,
      "optional": true,
      "os": [
        "linux"
      ],
      "engines": {
        "node": ">=12"
      }
    },
    "node_modules/esbuild-linux-64": {
      "version": "0.14.35",
      "resolved": "https://registry.npmjs.org/esbuild-linux-64/-/esbuild-linux-64-0.14.35.tgz",
      "integrity": "sha512-50FLXlOdEfyc9NFR9lavX3W75zJNi5FTEU25EZY87MQlHlUqmoSfd/0BaO2xefcZK9XV7lTPZ+b8Wj/jFRMB2A==",
      "cpu": [
        "x64"
      ],
      "dev": true,
      "optional": true,
      "os": [
        "linux"
      ],
      "engines": {
        "node": ">=12"
      }
    },
    "node_modules/esbuild-linux-arm": {
      "version": "0.14.35",
      "resolved": "https://registry.npmjs.org/esbuild-linux-arm/-/esbuild-linux-arm-0.14.35.tgz",
      "integrity": "sha512-VIH+bxbk7NM0ZSAeFHOdFWsdVIw2RnrZEG340yFlf7PI9DLUkn0m5+Q8mgZiIZW29VBtpCQ7aiieFo+ZykhoUA==",
      "cpu": [
        "arm"
      ],
      "dev": true,
      "optional": true,
      "os": [
        "linux"
      ],
      "engines": {
        "node": ">=12"
      }
    },
    "node_modules/esbuild-linux-arm64": {
      "version": "0.14.35",
      "resolved": "https://registry.npmjs.org/esbuild-linux-arm64/-/esbuild-linux-arm64-0.14.35.tgz",
      "integrity": "sha512-Kknr+jl0dNVTyuUTczfaXlsmuGKPBZsNNDuUnLMEDi6Y6bi8ccC4QE4nwUDtkGyB1elr6BQYvb78wYhtfPVLew==",
      "cpu": [
        "arm64"
      ],
      "dev": true,
      "optional": true,
      "os": [
        "linux"
      ],
      "engines": {
        "node": ">=12"
      }
    },
    "node_modules/esbuild-linux-mips64le": {
      "version": "0.14.35",
      "resolved": "https://registry.npmjs.org/esbuild-linux-mips64le/-/esbuild-linux-mips64le-0.14.35.tgz",
      "integrity": "sha512-urTrLRUAbH3e91vu3/20Sc+qCvokgB4gepHk41AkS/nnM1PBSdRl8SKP3TkRXaJjb4LRGu6I2JAxLOmQWGzo/g==",
      "cpu": [
        "mips64el"
      ],
      "dev": true,
      "optional": true,
      "os": [
        "linux"
      ],
      "engines": {
        "node": ">=12"
      }
    },
    "node_modules/esbuild-linux-ppc64le": {
      "version": "0.14.35",
      "resolved": "https://registry.npmjs.org/esbuild-linux-ppc64le/-/esbuild-linux-ppc64le-0.14.35.tgz",
      "integrity": "sha512-B98j5OMZQHTw/MnjOQgxYDt+sJfLmvHSI6GhCcf55l11voyyR66SYTBFiz4RvEB1F8V6TQTpHwFhBWo/p5Fq8w==",
      "cpu": [
        "ppc64"
      ],
      "dev": true,
      "optional": true,
      "os": [
        "linux"
      ],
      "engines": {
        "node": ">=12"
      }
    },
    "node_modules/esbuild-linux-riscv64": {
      "version": "0.14.35",
      "resolved": "https://registry.npmjs.org/esbuild-linux-riscv64/-/esbuild-linux-riscv64-0.14.35.tgz",
      "integrity": "sha512-SP41XnWjMOK0WcaXKzfcGr0jA5vMoXu36Oe/SeHrdRrffuHr5/5IboLqCKCQeGAjoGRPSgSLTKB7T8ENXQpgCg==",
      "cpu": [
        "riscv64"
      ],
      "dev": true,
      "optional": true,
      "os": [
        "linux"
      ],
      "engines": {
        "node": ">=12"
      }
    },
    "node_modules/esbuild-linux-s390x": {
      "version": "0.14.35",
      "resolved": "https://registry.npmjs.org/esbuild-linux-s390x/-/esbuild-linux-s390x-0.14.35.tgz",
      "integrity": "sha512-H0K7+0i0crGrXul8q0RlOdatputTj299JGSvyhXXSMNCTqNd5hd8JOONS2Fbbgrv2Hu9bwkP57g8X94V8GeyMA==",
      "cpu": [
        "s390x"
      ],
      "dev": true,
      "optional": true,
      "os": [
        "linux"
      ],
      "engines": {
        "node": ">=12"
      }
    },
    "node_modules/esbuild-netbsd-64": {
      "version": "0.14.35",
      "resolved": "https://registry.npmjs.org/esbuild-netbsd-64/-/esbuild-netbsd-64-0.14.35.tgz",
      "integrity": "sha512-Z+DdBPbSWlOgFdXDhpyqDBTy5NKtTjSFwXfjs95BROJYXFu+ciF85bT10Olg3/EywvDDdpfSeGh+ExeOQ3fugA==",
      "cpu": [
        "x64"
      ],
      "dev": true,
      "optional": true,
      "os": [
        "netbsd"
      ],
      "engines": {
        "node": ">=12"
      }
    },
    "node_modules/esbuild-openbsd-64": {
      "version": "0.14.35",
      "resolved": "https://registry.npmjs.org/esbuild-openbsd-64/-/esbuild-openbsd-64-0.14.35.tgz",
      "integrity": "sha512-uNWRf9p69irg4X2yZ5M5GrPi7+F54+DsmYKBXGTIImtyanSAy0nEH6ejmHD2/uypPrlKFf+U746bMwZFIxy5zw==",
      "cpu": [
        "x64"
      ],
      "dev": true,
      "optional": true,
      "os": [
        "openbsd"
      ],
      "engines": {
        "node": ">=12"
      }
    },
    "node_modules/esbuild-sunos-64": {
      "version": "0.14.35",
      "resolved": "https://registry.npmjs.org/esbuild-sunos-64/-/esbuild-sunos-64-0.14.35.tgz",
      "integrity": "sha512-WwAS084DuK2AHe+9z0DGbLbv3Cf9H4H7YsBhS7sBIIZ9iY2r0Oikrw11p1VSPDXjgtB/6AYIckJDCRAFEX07rQ==",
      "cpu": [
        "x64"
      ],
      "dev": true,
      "optional": true,
      "os": [
        "sunos"
      ],
      "engines": {
        "node": ">=12"
      }
    },
    "node_modules/esbuild-windows-32": {
      "version": "0.14.35",
      "resolved": "https://registry.npmjs.org/esbuild-windows-32/-/esbuild-windows-32-0.14.35.tgz",
      "integrity": "sha512-XQgY0pLopKMuRvNsMlc4RuN8wKku4w/LGGhonYEOxibVx/aNMl6vS0P0xbZoUpej4EP8Gras0JihAxigvPqaiA==",
      "cpu": [
        "ia32"
      ],
      "dev": true,
      "optional": true,
      "os": [
        "win32"
      ],
      "engines": {
        "node": ">=12"
      }
    },
    "node_modules/esbuild-windows-64": {
      "version": "0.14.35",
      "resolved": "https://registry.npmjs.org/esbuild-windows-64/-/esbuild-windows-64-0.14.35.tgz",
      "integrity": "sha512-7PaFQb5QDNWQGNmbXBNHewuXq5iDtgTjT3ILif3oGeMd9IVD2hvQ6Twc3s3NDqj5NJFZL1ZK+l9WZ8BZidv7Vw==",
      "cpu": [
        "x64"
      ],
      "dev": true,
      "optional": true,
      "os": [
        "win32"
      ],
      "engines": {
        "node": ">=12"
      }
    },
    "node_modules/esbuild-windows-arm64": {
      "version": "0.14.35",
      "resolved": "https://registry.npmjs.org/esbuild-windows-arm64/-/esbuild-windows-arm64-0.14.35.tgz",
      "integrity": "sha512-TxVKDkjlRxoCJQpCYS7FbHA249WdCfWKhLhNYk6PtT0CQmD7Ogp51MG7Plx57/jtxE9/aZVOcAf3igGKyGijHw==",
      "cpu": [
        "arm64"
      ],
      "dev": true,
      "optional": true,
      "os": [
        "win32"
      ],
      "engines": {
        "node": ">=12"
      }
    },
    "node_modules/estree-walker": {
      "version": "2.0.2",
      "resolved": "https://registry.npmjs.org/estree-walker/-/estree-walker-2.0.2.tgz",
      "integrity": "sha512-Rfkk/Mp/DL7JVje3u18FxFujQlTNR2q6QfMSMB7AvCBx91NGj/ba3kCfza0f6dVDbw7YlRf/nDrn7pQrCCyQ/w==",
      "dev": true
    },
    "node_modules/fsevents": {
      "version": "2.3.2",
      "resolved": "https://registry.npmjs.org/fsevents/-/fsevents-2.3.2.tgz",
      "integrity": "sha512-xiqMQR4xAeHTuB9uWm+fFRcIOgKBMiOBP+eXiyT7jsgVCq1bkVygt00oASowB7EdtpOHaaPgKt812P9ab+DDKA==",
      "dev": true,
      "hasInstallScript": true,
      "optional": true,
      "os": [
        "darwin"
      ],
      "engines": {
        "node": "^8.16.0 || ^10.6.0 || >=11.0.0"
      }
    },
    "node_modules/function-bind": {
      "version": "1.1.1",
      "resolved": "https://registry.npmjs.org/function-bind/-/function-bind-1.1.1.tgz",
      "integrity": "sha512-yIovAzMX49sF8Yl58fSCWJ5svSLuaibPxXQJFLmBObTuCr0Mf1KiPopGM9NiFjiYBCbfaa2Fh6breQ6ANVTI0A==",
      "dev": true
    },
    "node_modules/has": {
      "version": "1.0.3",
      "resolved": "https://registry.npmjs.org/has/-/has-1.0.3.tgz",
      "integrity": "sha512-f2dvO0VU6Oej7RkWJGrehjbzMAjFp5/VKPp5tTpWIV4JHHZK1/BxbFRtf/siA2SWTe09caDmVtYYzWEIbBS4zw==",
      "dev": true,
      "dependencies": {
        "function-bind": "^1.1.1"
      },
      "engines": {
        "node": ">= 0.4.0"
      }
    },
    "node_modules/is-core-module": {
      "version": "2.8.1",
      "resolved": "https://registry.npmjs.org/is-core-module/-/is-core-module-2.8.1.tgz",
      "integrity": "sha512-SdNCUs284hr40hFTFP6l0IfZ/RSrMXF3qgoRHd3/79unUTvrFO/JoXwkGm+5J/Oe3E/b5GsnG330uUNgRpu1PA==",
      "dev": true,
      "dependencies": {
        "has": "^1.0.3"
      },
      "funding": {
        "url": "https://github.com/sponsors/ljharb"
      }
    },
    "node_modules/kleur": {
      "version": "4.1.4",
      "resolved": "https://registry.npmjs.org/kleur/-/kleur-4.1.4.tgz",
      "integrity": "sha512-8QADVssbrFjivHWQU7KkMgptGTl6WAcSdlbBPY4uNF+mWr6DGcKrvY2w4FQJoXch7+fKMjj0dRrL75vk3k23OA==",
      "dev": true,
      "engines": {
        "node": ">=6"
      }
    },
    "node_modules/magic-string": {
      "version": "0.26.1",
      "resolved": "https://registry.npmjs.org/magic-string/-/magic-string-0.26.1.tgz",
      "integrity": "sha512-ndThHmvgtieXe8J/VGPjG+Apu7v7ItcD5mhEIvOscWjPF/ccOiLxHaSuCAS2G+3x4GKsAbT8u7zdyamupui8Tg==",
      "dev": true,
      "dependencies": {
        "sourcemap-codec": "^1.4.8"
      },
      "engines": {
        "node": ">=12"
      }
    },
    "node_modules/mri": {
      "version": "1.1.6",
      "resolved": "https://registry.npmjs.org/mri/-/mri-1.1.6.tgz",
      "integrity": "sha512-oi1b3MfbyGa7FJMP9GmLTttni5JoICpYBRlq+x5V16fZbLsnL9N3wFqqIm/nIG43FjUFkFh9Epzp/kzUGUnJxQ==",
      "dev": true,
      "engines": {
        "node": ">=4"
      }
    },
    "node_modules/ms": {
      "version": "2.1.2",
      "resolved": "https://registry.npmjs.org/ms/-/ms-2.1.2.tgz",
      "integrity": "sha512-sGkPx+VjMtmA6MX27oA4FBFELFCZZ4S4XqeGOXCv68tT+jb3vk/RyaKWP0PTKyWtmLSM0b+adUTEvbs1PEaH2w==",
      "dev": true
    },
    "node_modules/nanoid": {
      "version": "3.3.2",
      "resolved": "https://registry.npmjs.org/nanoid/-/nanoid-3.3.2.tgz",
      "integrity": "sha512-CuHBogktKwpm5g2sRgv83jEy2ijFzBwMoYA60orPDR7ynsLijJDqgsi4RDGj3OJpy3Ieb+LYwiRmIOGyytgITA==",
      "dev": true,
      "bin": {
        "nanoid": "bin/nanoid.cjs"
      },
      "engines": {
        "node": "^10 || ^12 || ^13.7 || ^14 || >=15.0.1"
      }
    },
    "node_modules/path-parse": {
      "version": "1.0.7",
      "resolved": "https://registry.npmjs.org/path-parse/-/path-parse-1.0.7.tgz",
      "integrity": "sha512-LDJzPVEEEPR+y48z93A0Ed0yXb8pAByGWo/k5YYdYgpY2/2EsOsksJrq7lOHxryrVOn1ejG6oAp8ahvOIQD8sw==",
      "dev": true
    },
    "node_modules/picocolors": {
      "version": "1.0.0",
      "resolved": "https://registry.npmjs.org/picocolors/-/picocolors-1.0.0.tgz",
      "integrity": "sha512-1fygroTLlHu66zi26VoTDv8yRgm0Fccecssto+MhsZ0D/DGW2sm8E8AjW7NU5VVTRt5GxbeZ5qBuJr+HyLYkjQ==",
      "dev": true
    },
    "node_modules/picomatch": {
      "version": "2.3.1",
      "resolved": "https://registry.npmjs.org/picomatch/-/picomatch-2.3.1.tgz",
      "integrity": "sha512-JU3teHTNjmE2VCGFzuY8EXzCDVwEqB2a8fsIvwaStHhAWJEeVd1o1QD80CU6+ZdEXXSLbSsuLwJjkCBWqRQUVA==",
      "dev": true,
      "engines": {
        "node": ">=8.6"
      },
      "funding": {
        "url": "https://github.com/sponsors/jonschlinkert"
      }
    },
    "node_modules/postcss": {
      "version": "8.4.12",
      "resolved": "https://registry.npmjs.org/postcss/-/postcss-8.4.12.tgz",
      "integrity": "sha512-lg6eITwYe9v6Hr5CncVbK70SoioNQIq81nsaG86ev5hAidQvmOeETBqs7jm43K2F5/Ley3ytDtriImV6TpNiSg==",
      "dev": true,
      "funding": [
        {
          "type": "opencollective",
          "url": "https://opencollective.com/postcss/"
        },
        {
          "type": "tidelift",
          "url": "https://tidelift.com/funding/github/npm/postcss"
        }
      ],
      "dependencies": {
        "nanoid": "^3.3.1",
        "picocolors": "^1.0.0",
        "source-map-js": "^1.0.2"
      },
      "engines": {
        "node": "^10 || ^12 || >=14"
      }
    },
    "node_modules/resolve": {
      "version": "1.22.0",
      "resolved": "https://registry.npmjs.org/resolve/-/resolve-1.22.0.tgz",
      "integrity": "sha512-Hhtrw0nLeSrFQ7phPp4OOcVjLPIeMnRlr5mcnVuMe7M/7eBn98A3hmFRLoFo3DLZkivSYwhRUJTyPyWAk56WLw==",
      "dev": true,
      "dependencies": {
        "is-core-module": "^2.8.1",
        "path-parse": "^1.0.7",
        "supports-preserve-symlinks-flag": "^1.0.0"
      },
      "bin": {
        "resolve": "bin/resolve"
      },
      "funding": {
        "url": "https://github.com/sponsors/ljharb"
      }
    },
    "node_modules/rollup": {
      "version": "2.70.1",
      "resolved": "https://registry.npmjs.org/rollup/-/rollup-2.70.1.tgz",
      "integrity": "sha512-CRYsI5EuzLbXdxC6RnYhOuRdtz4bhejPMSWjsFLfVM/7w/85n2szZv6yExqUXsBdz5KT8eoubeyDUDjhLHEslA==",
      "dev": true,
      "bin": {
        "rollup": "dist/bin/rollup"
      },
      "engines": {
        "node": ">=10.0.0"
      },
      "optionalDependencies": {
        "fsevents": "~2.3.2"
      }
    },
    "node_modules/sade": {
      "version": "1.7.4",
      "resolved": "https://registry.npmjs.org/sade/-/sade-1.7.4.tgz",
      "integrity": "sha512-y5yauMD93rX840MwUJr7C1ysLFBgMspsdTo4UVrDg3fXDvtwOyIqykhVAAm6fk/3au77773itJStObgK+LKaiA==",
      "dev": true,
      "dependencies": {
        "mri": "^1.1.0"
      },
      "engines": {
        "node": ">= 6"
      }
    },
    "node_modules/source-map-js": {
      "version": "1.0.2",
      "resolved": "https://registry.npmjs.org/source-map-js/-/source-map-js-1.0.2.tgz",
      "integrity": "sha512-R0XvVJ9WusLiqTCEiGCmICCMplcCkIwwR11mOSD9CR5u+IXYdiseeEuXCVAjS54zqwkLcPNnmU4OeJ6tUrWhDw==",
      "dev": true,
      "engines": {
        "node": ">=0.10.0"
      }
    },
    "node_modules/sourcemap-codec": {
      "version": "1.4.8",
      "resolved": "https://registry.npmjs.org/sourcemap-codec/-/sourcemap-codec-1.4.8.tgz",
      "integrity": "sha512-9NykojV5Uih4lgo5So5dtw+f0JgJX30KCNI8gwhz2J9A15wD0Ml6tjHKwf6fTSa6fAdVBdZeNOs9eJ71qCk8vA==",
      "dev": true
    },
    "node_modules/supports-preserve-symlinks-flag": {
      "version": "1.0.0",
      "resolved": "https://registry.npmjs.org/supports-preserve-symlinks-flag/-/supports-preserve-symlinks-flag-1.0.0.tgz",
      "integrity": "sha512-ot0WnXS9fgdkgIcePe6RHNk1WA8+muPa6cSjeR3V8K27q9BB1rTE3R1p7Hv0z1ZyAc8s6Vvv8DIyWf681MAt0w==",
      "dev": true,
      "engines": {
        "node": ">= 0.4"
      },
      "funding": {
        "url": "https://github.com/sponsors/ljharb"
      }
    },
    "node_modules/svelte": {
      "version": "3.47.0",
      "resolved": "https://registry.npmjs.org/svelte/-/svelte-3.47.0.tgz",
      "integrity": "sha512-4JaJp3HEoTCGARRWZQIZDUanhYv0iyoHikklVHVLH9xFE9db22g4TDv7CPeNA8HD1JgjXI1vlhR1JZvvhaTu2Q==",
      "dev": true,
      "engines": {
        "node": ">= 8"
      }
    },
    "node_modules/svelte-hmr": {
      "version": "0.14.11",
      "resolved": "https://registry.npmjs.org/svelte-hmr/-/svelte-hmr-0.14.11.tgz",
      "integrity": "sha512-R9CVfX6DXxW1Kn45Jtmx+yUe+sPhrbYSUp7TkzbW0jI5fVPn6lsNG9NEs5dFg5qRhFNAoVdRw5qQDLALNKhwbQ==",
      "dev": true,
      "engines": {
        "node": "^12.20 || ^14.13.1 || >= 16"
      },
      "peerDependencies": {
        "svelte": ">=3.19.0"
      }
    },
    "node_modules/vite": {
      "version": "2.9.1",
      "resolved": "https://registry.npmjs.org/vite/-/vite-2.9.1.tgz",
      "integrity": "sha512-vSlsSdOYGcYEJfkQ/NeLXgnRv5zZfpAsdztkIrs7AZHV8RCMZQkwjo4DS5BnrYTqoWqLoUe1Cah4aVO4oNNqCQ==",
      "dev": true,
      "dependencies": {
        "esbuild": "^0.14.27",
        "postcss": "^8.4.12",
        "resolve": "^1.22.0",
        "rollup": "^2.59.0"
      },
      "bin": {
        "vite": "bin/vite.js"
      },
      "engines": {
        "node": ">=12.2.0"
      },
      "optionalDependencies": {
        "fsevents": "~2.3.2"
      },
      "peerDependencies": {
        "less": "*",
        "sass": "*",
        "stylus": "*"
      },
      "peerDependenciesMeta": {
        "less": {
          "optional": true
        },
        "sass": {
          "optional": true
        },
        "stylus": {
          "optional": true
        }
      }
    }
  },
  "dependencies": {
    "@rollup/pluginutils": {
      "version": "4.2.0",
      "resolved": "https://registry.npmjs.org/@rollup/pluginutils/-/pluginutils-4.2.0.tgz",
      "integrity": "sha512-2WUyJNRkyH5p487pGnn4tWAsxhEFKN/pT8CMgHshd5H+IXkOnKvKZwsz5ZWz+YCXkleZRAU5kwbfgF8CPfDRqA==",
      "dev": true,
      "requires": {
        "estree-walker": "^2.0.1",
        "picomatch": "^2.2.2"
      }
    },
    "@sveltejs/kit": {
      "version": "1.0.0-next.311",
      "resolved": "https://registry.npmjs.org/@sveltejs/kit/-/kit-1.0.0-next.311.tgz",
      "integrity": "sha512-OkRIi0XBXcs16J+H+6fgOeFYxKu05gamY08KHAQ5cohjymUODGWIwaIfwAuNkZAcEEr8Vh2ejp4UcaxNzD53lQ==",
      "dev": true,
      "requires": {
        "@sveltejs/vite-plugin-svelte": "^1.0.0-next.32",
        "sade": "^1.7.4",
        "vite": "^2.9.0"
      }
    },
    "@sveltejs/vite-plugin-svelte": {
      "version": "1.0.0-next.41",
      "resolved": "https://registry.npmjs.org/@sveltejs/vite-plugin-svelte/-/vite-plugin-svelte-1.0.0-next.41.tgz",
      "integrity": "sha512-2kZ49mpi/YW1PIPvKaJNSSwIFgmw9QUf1+yaNa4U8yJD6AsfSHXAU3goscWbi1jfWnSg2PhvwAf+bvLCdp2F9g==",
      "dev": true,
      "requires": {
        "@rollup/pluginutils": "^4.2.0",
        "debug": "^4.3.4",
        "kleur": "^4.1.4",
        "magic-string": "^0.26.1",
        "svelte-hmr": "^0.14.11"
      }
    },
    "debug": {
      "version": "4.3.4",
      "resolved": "https://registry.npmjs.org/debug/-/debug-4.3.4.tgz",
      "integrity": "sha512-PRWFHuSU3eDtQJPvnNY7Jcket1j0t5OuOsFzPPzsekD52Zl8qUfFIPEiswXqIvHWGVHOgX+7G/vCNNhehwxfkQ==",
      "dev": true,
      "requires": {
        "ms": "2.1.2"
      }
    },
    "esbuild": {
      "version": "0.14.35",
      "resolved": "https://registry.npmjs.org/esbuild/-/esbuild-0.14.35.tgz",
      "integrity": "sha512-0aeHPwXVVUUo9qOWnu/zILmTexFYE+RJ3o4owjbEUIJuBhLUgL4wBuS94++4+t7sykSABsNyyMZEAZ2r+1qZ4A==",
      "dev": true,
      "requires": {
        "esbuild-android-64": "0.14.35",
        "esbuild-android-arm64": "0.14.35",
        "esbuild-darwin-64": "0.14.35",
        "esbuild-darwin-arm64": "0.14.35",
        "esbuild-freebsd-64": "0.14.35",
        "esbuild-freebsd-arm64": "0.14.35",
        "esbuild-linux-32": "0.14.35",
        "esbuild-linux-64": "0.14.35",
        "esbuild-linux-arm": "0.14.35",
        "esbuild-linux-arm64": "0.14.35",
        "esbuild-linux-mips64le": "0.14.35",
        "esbuild-linux-ppc64le": "0.14.35",
        "esbuild-linux-riscv64": "0.14.35",
        "esbuild-linux-s390x": "0.14.35",
        "esbuild-netbsd-64": "0.14.35",
        "esbuild-openbsd-64": "0.14.35",
        "esbuild-sunos-64": "0.14.35",
        "esbuild-windows-32": "0.14.35",
        "esbuild-windows-64": "0.14.35",
        "esbuild-windows-arm64": "0.14.35"
      }
    },
    "esbuild-android-64": {
      "version": "0.14.35",
      "resolved": "https://registry.npmjs.org/esbuild-android-64/-/esbuild-android-64-0.14.35.tgz",
      "integrity": "sha512-R11Eu5NDc5YpbmpXSczxnwrqIsaslE08I+gf/QUVxiuPid5DLQHRWKnkPiSXUgQGPZVjn4aASsAdq8L4uhcyXQ==",
      "dev": true,
      "optional": true
    },
    "esbuild-android-arm64": {
      "version": "0.14.35",
      "resolved": "https://registry.npmjs.org/esbuild-android-arm64/-/esbuild-android-arm64-0.14.35.tgz",
      "integrity": "sha512-fOjTdzEvZer2+5xNWP2bUmpWccuHQBm/aPoTqoiLiS3VErvxOpbY2808UUEHHxRJucRxMUxHi+apKUpdj8NBjA==",
      "dev": true,
      "optional": true
    },
    "esbuild-darwin-64": {
      "version": "0.14.35",
      "resolved": "https://registry.npmjs.org/esbuild-darwin-64/-/esbuild-darwin-64-0.14.35.tgz",
      "integrity": "sha512-cN7ejc3Q0+5hFYXSLKd7GfnrY3hEjx/QxYUiU5f8KEJpH1CJsQEl69ALS5WYYrPrlgKHGKusRVKOkK1x20fe6g==",
      "dev": true,
      "optional": true
    },
    "esbuild-darwin-arm64": {
      "version": "0.14.35",
      "resolved": "https://registry.npmjs.org/esbuild-darwin-arm64/-/esbuild-darwin-arm64-0.14.35.tgz",
      "integrity": "sha512-x4AK8UY14p2AYQNXQ5hd0HNnmcmBjd6bpFkmPmtrm8Khh/HT96JfVa06bYFute25aUOTHgWv5kU/k+JrqDTO2A==",
      "dev": true,
      "optional": true
    },
    "esbuild-freebsd-64": {
      "version": "0.14.35",
      "resolved": "https://registry.npmjs.org/esbuild-freebsd-64/-/esbuild-freebsd-64-0.14.35.tgz",
      "integrity": "sha512-S83TQ+LgeQt9n9sc7LVELBlpRzaSWGaMvPHtE/91AxEKBuqx47RhuII60LVUzwfOMXHbgroOuSMqA1D2C+vuxQ==",
      "dev": true,
      "optional": true
    },
    "esbuild-freebsd-arm64": {
      "version": "0.14.35",
      "resolved": "https://registry.npmjs.org/esbuild-freebsd-arm64/-/esbuild-freebsd-arm64-0.14.35.tgz",
      "integrity": "sha512-D7NDa9ZquQkgz6nwH/HJ1E9wvcb4EEWw7L+uY7jGG4N7Z2Y/wWxQ5dH207gp0TsRCXuE9cYN5HfnHwgav7zAdw==",
      "dev": true,
      "optional": true
    },
    "esbuild-linux-32": {
      "version": "0.14.35",
      "resolved": "https://registry.npmjs.org/esbuild-linux-32/-/esbuild-linux-32-0.14.35.tgz",
      "integrity": "sha512-0/bt6wQzZmBYv+NY9r7OHxPzs5H4ktz0UK/x7iUs5pAEnj+NkdR/uCzhYVFgNRIO/b22O5P0Vs9LIcj0Z5Uc9A==",
      "dev": true,
      "optional": true
    },
    "esbuild-linux-64": {
      "version": "0.14.35",
      "resolved": "https://registry.npmjs.org/esbuild-linux-64/-/esbuild-linux-64-0.14.35.tgz",
      "integrity": "sha512-50FLXlOdEfyc9NFR9lavX3W75zJNi5FTEU25EZY87MQlHlUqmoSfd/0BaO2xefcZK9XV7lTPZ+b8Wj/jFRMB2A==",
      "dev": true,
      "optional": true
    },
    "esbuild-linux-arm": {
      "version": "0.14.35",
      "resolved": "https://registry.npmjs.org/esbuild-linux-arm/-/esbuild-linux-arm-0.14.35.tgz",
      "integrity": "sha512-VIH+bxbk7NM0ZSAeFHOdFWsdVIw2RnrZEG340yFlf7PI9DLUkn0m5+Q8mgZiIZW29VBtpCQ7aiieFo+ZykhoUA==",
      "dev": true,
      "optional": true
    },
    "esbuild-linux-arm64": {
      "version": "0.14.35",
      "resolved": "https://registry.npmjs.org/esbuild-linux-arm64/-/esbuild-linux-arm64-0.14.35.tgz",
      "integrity": "sha512-Kknr+jl0dNVTyuUTczfaXlsmuGKPBZsNNDuUnLMEDi6Y6bi8ccC4QE4nwUDtkGyB1elr6BQYvb78wYhtfPVLew==",
      "dev": true,
      "optional": true
    },
    "esbuild-linux-mips64le": {
      "version": "0.14.35",
      "resolved": "https://registry.npmjs.org/esbuild-linux-mips64le/-/esbuild-linux-mips64le-0.14.35.tgz",
      "integrity": "sha512-urTrLRUAbH3e91vu3/20Sc+qCvokgB4gepHk41AkS/nnM1PBSdRl8SKP3TkRXaJjb4LRGu6I2JAxLOmQWGzo/g==",
      "dev": true,
      "optional": true
    },
    "esbuild-linux-ppc64le": {
      "version": "0.14.35",
      "resolved": "https://registry.npmjs.org/esbuild-linux-ppc64le/-/esbuild-linux-ppc64le-0.14.35.tgz",
      "integrity": "sha512-B98j5OMZQHTw/MnjOQgxYDt+sJfLmvHSI6GhCcf55l11voyyR66SYTBFiz4RvEB1F8V6TQTpHwFhBWo/p5Fq8w==",
      "dev": true,
      "optional": true
    },
    "esbuild-linux-riscv64": {
      "version": "0.14.35",
      "resolved": "https://registry.npmjs.org/esbuild-linux-riscv64/-/esbuild-linux-riscv64-0.14.35.tgz",
      "integrity": "sha512-SP41XnWjMOK0WcaXKzfcGr0jA5vMoXu36Oe/SeHrdRrffuHr5/5IboLqCKCQeGAjoGRPSgSLTKB7T8ENXQpgCg==",
      "dev": true,
      "optional": true
    },
    "esbuild-linux-s390x": {
      "version": "0.14.35",
      "resolved": "https://registry.npmjs.org/esbuild-linux-s390x/-/esbuild-linux-s390x-0.14.35.tgz",
      "integrity": "sha512-H0K7+0i0crGrXul8q0RlOdatputTj299JGSvyhXXSMNCTqNd5hd8JOONS2Fbbgrv2Hu9bwkP57g8X94V8GeyMA==",
      "dev": true,
      "optional": true
    },
    "esbuild-netbsd-64": {
      "version": "0.14.35",
      "resolved": "https://registry.npmjs.org/esbuild-netbsd-64/-/esbuild-netbsd-64-0.14.35.tgz",
      "integrity": "sha512-Z+DdBPbSWlOgFdXDhpyqDBTy5NKtTjSFwXfjs95BROJYXFu+ciF85bT10Olg3/EywvDDdpfSeGh+ExeOQ3fugA==",
      "dev": true,
      "optional": true
    },
    "esbuild-openbsd-64": {
      "version": "0.14.35",
      "resolved": "https://registry.npmjs.org/esbuild-openbsd-64/-/esbuild-openbsd-64-0.14.35.tgz",
      "integrity": "sha512-uNWRf9p69irg4X2yZ5M5GrPi7+F54+DsmYKBXGTIImtyanSAy0nEH6ejmHD2/uypPrlKFf+U746bMwZFIxy5zw==",
      "dev": true,
      "optional": true
    },
    "esbuild-sunos-64": {
      "version": "0.14.35",
      "resolved": "https://registry.npmjs.org/esbuild-sunos-64/-/esbuild-sunos-64-0.14.35.tgz",
      "integrity": "sha512-WwAS084DuK2AHe+9z0DGbLbv3Cf9H4H7YsBhS7sBIIZ9iY2r0Oikrw11p1VSPDXjgtB/6AYIckJDCRAFEX07rQ==",
      "dev": true,
      "optional": true
    },
    "esbuild-windows-32": {
      "version": "0.14.35",
      "resolved": "https://registry.npmjs.org/esbuild-windows-32/-/esbuild-windows-32-0.14.35.tgz",
      "integrity": "sha512-XQgY0pLopKMuRvNsMlc4RuN8wKku4w/LGGhonYEOxibVx/aNMl6vS0P0xbZoUpej4EP8Gras0JihAxigvPqaiA==",
      "dev": true,
      "optional": true
    },
    "esbuild-windows-64": {
      "version": "0.14.35",
      "resolved": "https://registry.npmjs.org/esbuild-windows-64/-/esbuild-windows-64-0.14.35.tgz",
      "integrity": "sha512-7PaFQb5QDNWQGNmbXBNHewuXq5iDtgTjT3ILif3oGeMd9IVD2hvQ6Twc3s3NDqj5NJFZL1ZK+l9WZ8BZidv7Vw==",
      "dev": true,
      "optional": true
    },
    "esbuild-windows-arm64": {
      "version": "0.14.35",
      "resolved": "https://registry.npmjs.org/esbuild-windows-arm64/-/esbuild-windows-arm64-0.14.35.tgz",
      "integrity": "sha512-TxVKDkjlRxoCJQpCYS7FbHA249WdCfWKhLhNYk6PtT0CQmD7Ogp51MG7Plx57/jtxE9/aZVOcAf3igGKyGijHw==",
      "dev": true,
      "optional": true
    },
    "estree-walker": {
      "version": "2.0.2",
      "resolved": "https://registry.npmjs.org/estree-walker/-/estree-walker-2.0.2.tgz",
      "integrity": "sha512-Rfkk/Mp/DL7JVje3u18FxFujQlTNR2q6QfMSMB7AvCBx91NGj/ba3kCfza0f6dVDbw7YlRf/nDrn7pQrCCyQ/w==",
      "dev": true
    },
    "fsevents": {
      "version": "2.3.2",
      "resolved": "https://registry.npmjs.org/fsevents/-/fsevents-2.3.2.tgz",
      "integrity": "sha512-xiqMQR4xAeHTuB9uWm+fFRcIOgKBMiOBP+eXiyT7jsgVCq1bkVygt00oASowB7EdtpOHaaPgKt812P9ab+DDKA==",
      "dev": true,
      "optional": true
    },
    "function-bind": {
      "version": "1.1.1",
      "resolved": "https://registry.npmjs.org/function-bind/-/function-bind-1.1.1.tgz",
      "integrity": "sha512-yIovAzMX49sF8Yl58fSCWJ5svSLuaibPxXQJFLmBObTuCr0Mf1KiPopGM9NiFjiYBCbfaa2Fh6breQ6ANVTI0A==",
      "dev": true
    },
    "has": {
      "version": "1.0.3",
      "resolved": "https://registry.npmjs.org/has/-/has-1.0.3.tgz",
      "integrity": "sha512-f2dvO0VU6Oej7RkWJGrehjbzMAjFp5/VKPp5tTpWIV4JHHZK1/BxbFRtf/siA2SWTe09caDmVtYYzWEIbBS4zw==",
      "dev": true,
      "requires": {
        "function-bind": "^1.1.1"
      }
    },
    "is-core-module": {
      "version": "2.8.1",
      "resolved": "https://registry.npmjs.org/is-core-module/-/is-core-module-2.8.1.tgz",
      "integrity": "sha512-SdNCUs284hr40hFTFP6l0IfZ/RSrMXF3qgoRHd3/79unUTvrFO/JoXwkGm+5J/Oe3E/b5GsnG330uUNgRpu1PA==",
      "dev": true,
      "requires": {
        "has": "^1.0.3"
      }
    },
    "kleur": {
      "version": "4.1.4",
      "resolved": "https://registry.npmjs.org/kleur/-/kleur-4.1.4.tgz",
      "integrity": "sha512-8QADVssbrFjivHWQU7KkMgptGTl6WAcSdlbBPY4uNF+mWr6DGcKrvY2w4FQJoXch7+fKMjj0dRrL75vk3k23OA==",
      "dev": true
    },
    "magic-string": {
      "version": "0.26.1",
      "resolved": "https://registry.npmjs.org/magic-string/-/magic-string-0.26.1.tgz",
      "integrity": "sha512-ndThHmvgtieXe8J/VGPjG+Apu7v7ItcD5mhEIvOscWjPF/ccOiLxHaSuCAS2G+3x4GKsAbT8u7zdyamupui8Tg==",
      "dev": true,
      "requires": {
        "sourcemap-codec": "^1.4.8"
      }
    },
    "mri": {
      "version": "1.1.6",
      "resolved": "https://registry.npmjs.org/mri/-/mri-1.1.6.tgz",
      "integrity": "sha512-oi1b3MfbyGa7FJMP9GmLTttni5JoICpYBRlq+x5V16fZbLsnL9N3wFqqIm/nIG43FjUFkFh9Epzp/kzUGUnJxQ==",
      "dev": true
    },
    "ms": {
      "version": "2.1.2",
      "resolved": "https://registry.npmjs.org/ms/-/ms-2.1.2.tgz",
      "integrity": "sha512-sGkPx+VjMtmA6MX27oA4FBFELFCZZ4S4XqeGOXCv68tT+jb3vk/RyaKWP0PTKyWtmLSM0b+adUTEvbs1PEaH2w==",
      "dev": true
    },
    "nanoid": {
      "version": "3.3.2",
      "resolved": "https://registry.npmjs.org/nanoid/-/nanoid-3.3.2.tgz",
      "integrity": "sha512-CuHBogktKwpm5g2sRgv83jEy2ijFzBwMoYA60orPDR7ynsLijJDqgsi4RDGj3OJpy3Ieb+LYwiRmIOGyytgITA==",
      "dev": true
    },
    "path-parse": {
      "version": "1.0.7",
      "resolved": "https://registry.npmjs.org/path-parse/-/path-parse-1.0.7.tgz",
      "integrity": "sha512-LDJzPVEEEPR+y48z93A0Ed0yXb8pAByGWo/k5YYdYgpY2/2EsOsksJrq7lOHxryrVOn1ejG6oAp8ahvOIQD8sw==",
      "dev": true
    },
    "picocolors": {
      "version": "1.0.0",
      "resolved": "https://registry.npmjs.org/picocolors/-/picocolors-1.0.0.tgz",
      "integrity": "sha512-1fygroTLlHu66zi26VoTDv8yRgm0Fccecssto+MhsZ0D/DGW2sm8E8AjW7NU5VVTRt5GxbeZ5qBuJr+HyLYkjQ==",
      "dev": true
    },
    "picomatch": {
      "version": "2.3.1",
      "resolved": "https://registry.npmjs.org/picomatch/-/picomatch-2.3.1.tgz",
      "integrity": "sha512-JU3teHTNjmE2VCGFzuY8EXzCDVwEqB2a8fsIvwaStHhAWJEeVd1o1QD80CU6+ZdEXXSLbSsuLwJjkCBWqRQUVA==",
      "dev": true
    },
    "postcss": {
      "version": "8.4.12",
      "resolved": "https://registry.npmjs.org/postcss/-/postcss-8.4.12.tgz",
      "integrity": "sha512-lg6eITwYe9v6Hr5CncVbK70SoioNQIq81nsaG86ev5hAidQvmOeETBqs7jm43K2F5/Ley3ytDtriImV6TpNiSg==",
      "dev": true,
      "requires": {
        "nanoid": "^3.3.1",
        "picocolors": "^1.0.0",
        "source-map-js": "^1.0.2"
      }
    },
    "resolve": {
      "version": "1.22.0",
      "resolved": "https://registry.npmjs.org/resolve/-/resolve-1.22.0.tgz",
      "integrity": "sha512-Hhtrw0nLeSrFQ7phPp4OOcVjLPIeMnRlr5mcnVuMe7M/7eBn98A3hmFRLoFo3DLZkivSYwhRUJTyPyWAk56WLw==",
      "dev": true,
      "requires": {
        "is-core-module": "^2.8.1",
        "path-parse": "^1.0.7",
        "supports-preserve-symlinks-flag": "^1.0.0"
      }
    },
    "rollup": {
      "version": "2.70.1",
      "resolved": "https://registry.npmjs.org/rollup/-/rollup-2.70.1.tgz",
      "integrity": "sha512-CRYsI5EuzLbXdxC6RnYhOuRdtz4bhejPMSWjsFLfVM/7w/85n2szZv6yExqUXsBdz5KT8eoubeyDUDjhLHEslA==",
      "dev": true,
      "requires": {
        "fsevents": "~2.3.2"
      }
    },
    "sade": {
      "version": "1.7.4",
      "resolved": "https://registry.npmjs.org/sade/-/sade-1.7.4.tgz",
      "integrity": "sha512-y5yauMD93rX840MwUJr7C1ysLFBgMspsdTo4UVrDg3fXDvtwOyIqykhVAAm6fk/3au77773itJStObgK+LKaiA==",
      "dev": true,
      "requires": {
        "mri": "^1.1.0"
      }
    },
    "source-map-js": {
      "version": "1.0.2",
      "resolved": "https://registry.npmjs.org/source-map-js/-/source-map-js-1.0.2.tgz",
      "integrity": "sha512-R0XvVJ9WusLiqTCEiGCmICCMplcCkIwwR11mOSD9CR5u+IXYdiseeEuXCVAjS54zqwkLcPNnmU4OeJ6tUrWhDw==",
      "dev": true
    },
    "sourcemap-codec": {
      "version": "1.4.8",
      "resolved": "https://registry.npmjs.org/sourcemap-codec/-/sourcemap-codec-1.4.8.tgz",
      "integrity": "sha512-9NykojV5Uih4lgo5So5dtw+f0JgJX30KCNI8gwhz2J9A15wD0Ml6tjHKwf6fTSa6fAdVBdZeNOs9eJ71qCk8vA==",
      "dev": true
    },
    "supports-preserve-symlinks-flag": {
      "version": "1.0.0",
      "resolved": "https://registry.npmjs.org/supports-preserve-symlinks-flag/-/supports-preserve-symlinks-flag-1.0.0.tgz",
      "integrity": "sha512-ot0WnXS9fgdkgIcePe6RHNk1WA8+muPa6cSjeR3V8K27q9BB1rTE3R1p7Hv0z1ZyAc8s6Vvv8DIyWf681MAt0w==",
      "dev": true
    },
    "svelte": {
      "version": "3.47.0",
      "resolved": "https://registry.npmjs.org/svelte/-/svelte-3.47.0.tgz",
      "integrity": "sha512-4JaJp3HEoTCGARRWZQIZDUanhYv0iyoHikklVHVLH9xFE9db22g4TDv7CPeNA8HD1JgjXI1vlhR1JZvvhaTu2Q==",
      "dev": true
    },
    "svelte-hmr": {
      "version": "0.14.11",
      "resolved": "https://registry.npmjs.org/svelte-hmr/-/svelte-hmr-0.14.11.tgz",
      "integrity": "sha512-R9CVfX6DXxW1Kn45Jtmx+yUe+sPhrbYSUp7TkzbW0jI5fVPn6lsNG9NEs5dFg5qRhFNAoVdRw5qQDLALNKhwbQ==",
      "dev": true,
      "requires": {}
    },
    "vite": {
      "version": "2.9.1",
      "resolved": "https://registry.npmjs.org/vite/-/vite-2.9.1.tgz",
      "integrity": "sha512-vSlsSdOYGcYEJfkQ/NeLXgnRv5zZfpAsdztkIrs7AZHV8RCMZQkwjo4DS5BnrYTqoWqLoUe1Cah4aVO4oNNqCQ==",
      "dev": true,
      "requires": {
        "esbuild": "^0.14.27",
        "fsevents": "~2.3.2",
        "postcss": "^8.4.12",
        "resolve": "^1.22.0",
        "rollup": "^2.59.0"
      }
    }
  }
}
